
Microsoft Visual Studio Solution File, Format Version 12.00
# Visual Studio Version 17
VisualStudioVersion = 17.5.33424.131
MinimumVisualStudioVersion = 10.0.40219.1
Project("{9A19103F-16F7-4668-BE54-9A1E7A4F7556}") = "backend", "backend\backend.csproj", "{9941F340-9C0B-4F92-945A-2E6BD68A8C60}"
EndProject
Project("{9A19103F-16F7-4668-BE54-9A1E7A4F7556}") = "console", "console\console.csproj", "{E6E38F58-C612-40E3-A796-0128D39E7AE8}"
EndProject
Project("{FAE04EC0-301F-11D3-BF4B-00C04F79EFBC}") = "console1", "console1\console1.csproj", "{E08DE82A-ACD7-44FB-B5F3-E04D8C2E9513}"
EndProject
Global
	GlobalSection(SolutionConfigurationPlatforms) = preSolution
		Debug|Any CPU = Debug|Any CPU
		Release|Any CPU = Release|Any CPU
	EndGlobalSection
	GlobalSection(ProjectConfigurationPlatforms) = postSolution
		{9941F340-9C0B-4F92-945A-2E6BD68A8C60}.Debug|Any CPU.ActiveCfg = Debug|Any CPU
		{9941F340-9C0B-4F92-945A-2E6BD68A8C60}.Debug|Any CPU.Build.0 = Debug|Any CPU
		{9941F340-9C0B-4F92-945A-2E6BD68A8C60}.Release|Any CPU.ActiveCfg = Release|Any CPU
		{9941F340-9C0B-4F92-945A-2E6BD68A8C60}.Release|Any CPU.Build.0 = Release|Any CPU
		{E6E38F58-C612-40E3-A796-0128D39E7AE8}.Debug|Any CPU.ActiveCfg = Debug|Any CPU
		{E6E38F58-C612-40E3-A796-0128D39E7AE8}.Debug|Any CPU.Build.0 = Debug|Any CPU
		{E6E38F58-C612-40E3-A796-0128D39E7AE8}.Release|Any CPU.ActiveCfg = Release|Any CPU
		{E6E38F58-C612-40E3-A796-0128D39E7AE8}.Release|Any CPU.Build.0 = Release|Any CPU
		{E08DE82A-ACD7-44FB-B5F3-E04D8C2E9513}.Debug|Any CPU.ActiveCfg = Debug|Any CPU
		{E08DE82A-ACD7-44FB-B5F3-E04D8C2E9513}.Debug|Any CPU.Build.0 = Debug|Any CPU
		{E08DE82A-ACD7-44FB-B5F3-E04D8C2E9513}.Release|Any CPU.ActiveCfg = Release|Any CPU
		{E08DE82A-ACD7-44FB-B5F3-E04D8C2E9513}.Release|Any CPU.Build.0 = Release|Any CPU
	EndGlobalSection
	GlobalSection(SolutionProperties) = preSolution
		HideSolutionNode = FALSE
	EndGlobalSection
	GlobalSection(ExtensibilityGlobals) = postSolution
		SolutionGuid = {00B7D875-1BF6-4AF9-BE1F-7878F25AEADF}
	EndGlobalSection
EndGlobal
